
Microsoft Visual Studio Solution File, Format Version 12.00
# Visual Studio Version 17
VisualStudioVersion = 17.0.31903.59
MinimumVisualStudioVersion = 10.0.40219.1
Project("{2150E333-8FDC-42A3-9474-1A3956D46DE8}") = "src", "src", "{827E0CD3-B72D-47B6-A68D-7590B98EB39B}"
EndProject
Project("{2150E333-8FDC-42A3-9474-1A3956D46DE8}") = "comerciales.Infrastructure", "comerciales.Infrastructure", "{90A4352E-396B-8520-20EE-B0569575E7C1}"
EndProject
Project("{FAE04EC0-301F-11D3-BF4B-00C04F79EFBC}") = "Infrastructure", "src\comerciales.Infrastructure\Infrastructure.csproj", "{0CE4FED6-B601-4790-B100-3F6A486E4442}"
EndProject
Project("{2150E333-8FDC-42A3-9474-1A3956D46DE8}") = "comerciales.Domain", "comerciales.Domain", "{8FCF09DA-D0A7-E2B7-7E75-6E20E5B5E935}"
EndProject
Project("{FAE04EC0-301F-11D3-BF4B-00C04F79EFBC}") = "Domain", "src\comerciales.Domain\Domain.csproj", "{0A5FA882-4DCA-4A24-8B7A-17B169682E4E}"
EndProject
Project("{2150E333-8FDC-42A3-9474-1A3956D46DE8}") = "comerciales.Application", "comerciales.Application", "{E21C8E0F-5450-E115-E6CB-937FF75B5D17}"
EndProject
Project("{FAE04EC0-301F-11D3-BF4B-00C04F79EFBC}") = "Application", "src\comerciales.Application\Application.csproj", "{18510887-DE74-4B75-B044-355A4A6D074E}"
EndProject
Project("{2150E333-8FDC-42A3-9474-1A3956D46DE8}") = "comerciales.WebApi", "comerciales.WebApi", "{8BE0DF68-72E9-D347-6947-05B3AFE3EE98}"
EndProject
Project("{FAE04EC0-301F-11D3-BF4B-00C04F79EFBC}") = "WebApi", "src\comerciales.WebApi\WebApi.csproj", "{E7DAE999-9DC0-49C6-93D5-7A1B356B29AF}"
EndProject
Global
	GlobalSection(SolutionConfigurationPlatforms) = preSolution
		Debug|Any CPU = Debug|Any CPU
		Debug|x64 = Debug|x64
		Debug|x86 = Debug|x86
		Release|Any CPU = Release|Any CPU
		Release|x64 = Release|x64
		Release|x86 = Release|x86
	EndGlobalSection
	GlobalSection(ProjectConfigurationPlatforms) = postSolution
		{0CE4FED6-B601-4790-B100-3F6A486E4442}.Debug|Any CPU.ActiveCfg = Debug|Any CPU
		{0CE4FED6-B601-4790-B100-3F6A486E4442}.Debug|Any CPU.Build.0 = Debug|Any CPU
		{0CE4FED6-B601-4790-B100-3F6A486E4442}.Debug|x64.ActiveCfg = Debug|Any CPU
		{0CE4FED6-B601-4790-B100-3F6A486E4442}.Debug|x64.Build.0 = Debug|Any CPU
		{0CE4FED6-B601-4790-B100-3F6A486E4442}.Debug|x86.ActiveCfg = Debug|Any CPU
		{0CE4FED6-B601-4790-B100-3F6A486E4442}.Debug|x86.Build.0 = Debug|Any CPU
		{0CE4FED6-B601-4790-B100-3F6A486E4442}.Release|Any CPU.ActiveCfg = Release|Any CPU
		{0CE4FED6-B601-4790-B100-3F6A486E4442}.Release|Any CPU.Build.0 = Release|Any CPU
		{0CE4FED6-B601-4790-B100-3F6A486E4442}.Release|x64.ActiveCfg = Release|Any CPU
		{0CE4FED6-B601-4790-B100-3F6A486E4442}.Release|x64.Build.0 = Release|Any CPU
		{0CE4FED6-B601-4790-B100-3F6A486E4442}.Release|x86.ActiveCfg = Release|Any CPU
		{0CE4FED6-B601-4790-B100-3F6A486E4442}.Release|x86.Build.0 = Release|Any CPU
		{0A5FA882-4DCA-4A24-8B7A-17B169682E4E}.Debug|Any CPU.ActiveCfg = Debug|Any CPU
		{0A5FA882-4DCA-4A24-8B7A-17B169682E4E}.Debug|Any CPU.Build.0 = Debug|Any CPU
		{0A5FA882-4DCA-4A24-8B7A-17B169682E4E}.Debug|x64.ActiveCfg = Debug|Any CPU
		{0A5FA882-4DCA-4A24-8B7A-17B169682E4E}.Debug|x64.Build.0 = Debug|Any CPU
		{0A5FA882-4DCA-4A24-8B7A-17B169682E4E}.Debug|x86.ActiveCfg = Debug|Any CPU
		{0A5FA882-4DCA-4A24-8B7A-17B169682E4E}.Debug|x86.Build.0 = Debug|Any CPU
		{0A5FA882-4DCA-4A24-8B7A-17B169682E4E}.Release|Any CPU.ActiveCfg = Release|Any CPU
		{0A5FA882-4DCA-4A24-8B7A-17B169682E4E}.Release|Any CPU.Build.0 = Release|Any CPU
		{0A5FA882-4DCA-4A24-8B7A-17B169682E4E}.Release|x64.ActiveCfg = Release|Any CPU
		{0A5FA882-4DCA-4A24-8B7A-17B169682E4E}.Release|x64.Build.0 = Release|Any CPU
		{0A5FA882-4DCA-4A24-8B7A-17B169682E4E}.Release|x86.ActiveCfg = Release|Any CPU
		{0A5FA882-4DCA-4A24-8B7A-17B169682E4E}.Release|x86.Build.0 = Release|Any CPU
		{18510887-DE74-4B75-B044-355A4A6D074E}.Debug|Any CPU.ActiveCfg = Debug|Any CPU
		{18510887-DE74-4B75-B044-355A4A6D074E}.Debug|Any CPU.Build.0 = Debug|Any CPU
		{18510887-DE74-4B75-B044-355A4A6D074E}.Debug|x64.ActiveCfg = Debug|Any CPU
		{18510887-DE74-4B75-B044-355A4A6D074E}.Debug|x64.Build.0 = Debug|Any CPU
		{18510887-DE74-4B75-B044-355A4A6D074E}.Debug|x86.ActiveCfg = Debug|Any CPU
		{18510887-DE74-4B75-B044-355A4A6D074E}.Debug|x86.Build.0 = Debug|Any CPU
		{18510887-DE74-4B75-B044-355A4A6D074E}.Release|Any CPU.ActiveCfg = Release|Any CPU
		{18510887-DE74-4B75-B044-355A4A6D074E}.Release|Any CPU.Build.0 = Release|Any CPU
		{18510887-DE74-4B75-B044-355A4A6D074E}.Release|x64.ActiveCfg = Release|Any CPU
		{18510887-DE74-4B75-B044-355A4A6D074E}.Release|x64.Build.0 = Release|Any CPU
		{18510887-DE74-4B75-B044-355A4A6D074E}.Release|x86.ActiveCfg = Release|Any CPU
		{18510887-DE74-4B75-B044-355A4A6D074E}.Release|x86.Build.0 = Release|Any CPU
		{E7DAE999-9DC0-49C6-93D5-7A1B356B29AF}.Debug|Any CPU.ActiveCfg = Debug|Any CPU
		{E7DAE999-9DC0-49C6-93D5-7A1B356B29AF}.Debug|Any CPU.Build.0 = Debug|Any CPU
		{E7DAE999-9DC0-49C6-93D5-7A1B356B29AF}.Debug|x64.ActiveCfg = Debug|Any CPU
		{E7DAE999-9DC0-49C6-93D5-7A1B356B29AF}.Debug|x64.Build.0 = Debug|Any CPU
		{E7DAE999-9DC0-49C6-93D5-7A1B356B29AF}.Debug|x86.ActiveCfg = Debug|Any CPU
		{E7DAE999-9DC0-49C6-93D5-7A1B356B29AF}.Debug|x86.Build.0 = Debug|Any CPU
		{E7DAE999-9DC0-49C6-93D5-7A1B356B29AF}.Release|Any CPU.ActiveCfg = Release|Any CPU
		{E7DAE999-9DC0-49C6-93D5-7A1B356B29AF}.Release|Any CPU.Build.0 = Release|Any CPU
		{E7DAE999-9DC0-49C6-93D5-7A1B356B29AF}.Release|x64.ActiveCfg = Release|Any CPU
		{E7DAE999-9DC0-49C6-93D5-7A1B356B29AF}.Release|x64.Build.0 = Release|Any CPU
		{E7DAE999-9DC0-49C6-93D5-7A1B356B29AF}.Release|x86.ActiveCfg = Release|Any CPU
		{E7DAE999-9DC0-49C6-93D5-7A1B356B29AF}.Release|x86.Build.0 = Release|Any CPU
	EndGlobalSection
	GlobalSection(SolutionProperties) = preSolution
		HideSolutionNode = FALSE
	EndGlobalSection
	GlobalSection(NestedProjects) = preSolution
		{90A4352E-396B-8520-20EE-B0569575E7C1} = {827E0CD3-B72D-47B6-A68D-7590B98EB39B}
		{0CE4FED6-B601-4790-B100-3F6A486E4442} = {90A4352E-396B-8520-20EE-B0569575E7C1}
		{8FCF09DA-D0A7-E2B7-7E75-6E20E5B5E935} = {827E0CD3-B72D-47B6-A68D-7590B98EB39B}
		{0A5FA882-4DCA-4A24-8B7A-17B169682E4E} = {8FCF09DA-D0A7-E2B7-7E75-6E20E5B5E935}
		{E21C8E0F-5450-E115-E6CB-937FF75B5D17} = {827E0CD3-B72D-47B6-A68D-7590B98EB39B}
		{18510887-DE74-4B75-B044-355A4A6D074E} = {E21C8E0F-5450-E115-E6CB-937FF75B5D17}
		{8BE0DF68-72E9-D347-6947-05B3AFE3EE98} = {827E0CD3-B72D-47B6-A68D-7590B98EB39B}
		{E7DAE999-9DC0-49C6-93D5-7A1B356B29AF} = {8BE0DF68-72E9-D347-6947-05B3AFE3EE98}
	EndGlobalSection
EndGlobal
